
Microsoft Visual Studio Solution File, Format Version 12.00
# Visual Studio Version 17
VisualStudioVersion = 17.4.33205.214
MinimumVisualStudioVersion = 10.0.40219.1
Project("{FAE04EC0-301F-11D3-BF4B-00C04F79EFBC}") = "JWTAuthentication", "JWTAuthentication\JWTAuthentication.csproj", "{57715151-B0C4-4FDF-8F81-3A4828C9B68E}"
EndProject
Global
	GlobalSection(SolutionConfigurationPlatforms) = preSolution
		Debug|Any CPU = Debug|Any CPU
		Release|Any CPU = Release|Any CPU
	EndGlobalSection
	GlobalSection(ProjectConfigurationPlatforms) = postSolution
		{57715151-B0C4-4FDF-8F81-3A4828C9B68E}.Debug|Any CPU.ActiveCfg = Debug|Any CPU
		{57715151-B0C4-4FDF-8F81-3A4828C9B68E}.Debug|Any CPU.Build.0 = Debug|Any CPU
		{57715151-B0C4-4FDF-8F81-3A4828C9B68E}.Release|Any CPU.ActiveCfg = Release|Any CPU
		{57715151-B0C4-4FDF-8F81-3A4828C9B68E}.Release|Any CPU.Build.0 = Release|Any CPU
	EndGlobalSection
	GlobalSection(SolutionProperties) = preSolution
		HideSolutionNode = FALSE
	EndGlobalSection
	GlobalSection(ExtensibilityGlobals) = postSolution
		SolutionGuid = {4A0FD8AD-C26B-42C6-8316-7456B02CA2B4}
	EndGlobalSection
EndGlobal
